
Microsoft Visual Studio Solution File, Format Version 12.00
# Visual Studio Version 16
VisualStudioVersion = 16.0.32228.343
MinimumVisualStudioVersion = 10.0.40219.1
Project("{FAE04EC0-301F-11D3-BF4B-00C04F79EFBC}") = "LinqExample", "LinqExample\LinqExample.csproj", "{C3F6A953-FC26-4592-A4CC-C789FCD4555A}"
EndProject
Global
	GlobalSection(SolutionConfigurationPlatforms) = preSolution
		Debug|Any CPU = Debug|Any CPU
		Release|Any CPU = Release|Any CPU
	EndGlobalSection
	GlobalSection(ProjectConfigurationPlatforms) = postSolution
		{C3F6A953-FC26-4592-A4CC-C789FCD4555A}.Debug|Any CPU.ActiveCfg = Debug|Any CPU
		{C3F6A953-FC26-4592-A4CC-C789FCD4555A}.Debug|Any CPU.Build.0 = Debug|Any CPU
		{C3F6A953-FC26-4592-A4CC-C789FCD4555A}.Release|Any CPU.ActiveCfg = Release|Any CPU
		{C3F6A953-FC26-4592-A4CC-C789FCD4555A}.Release|Any CPU.Build.0 = Release|Any CPU
	EndGlobalSection
	GlobalSection(SolutionProperties) = preSolution
		HideSolutionNode = FALSE
	EndGlobalSection
	GlobalSection(ExtensibilityGlobals) = postSolution
		SolutionGuid = {BD6004C2-3471-4A33-9F66-FF01794BCFFE}
	EndGlobalSection
EndGlobal
